
Microsoft Visual Studio Solution File, Format Version 12.00
# Visual Studio 15
VisualStudioVersion = 15.0.26124.0
MinimumVisualStudioVersion = 15.0.26124.0
Project("{F2A71F9B-5D33-465A-A702-920D77279786}") = "GrahamScanLib", "GrahamScanLib\GrahamScanLib.fsproj", "{6B46DCD2-640B-4156-9927-B68CEF039FF2}"
EndProject
Project("{F2A71F9B-5D33-465A-A702-920D77279786}") = "GrahamScanTests", "GrahamScanTests\GrahamScanTests.fsproj", "{EE94BBF2-BE5F-4029-8E1B-3F7EE41C1387}"
EndProject
Global
	GlobalSection(SolutionConfigurationPlatforms) = preSolution
		Debug|Any CPU = Debug|Any CPU
		Debug|x64 = Debug|x64
		Debug|x86 = Debug|x86
		Release|Any CPU = Release|Any CPU
		Release|x64 = Release|x64
		Release|x86 = Release|x86
	EndGlobalSection
	GlobalSection(SolutionProperties) = preSolution
		HideSolutionNode = FALSE
	EndGlobalSection
	GlobalSection(ProjectConfigurationPlatforms) = postSolution
		{6B46DCD2-640B-4156-9927-B68CEF039FF2}.Debug|Any CPU.ActiveCfg = Debug|Any CPU
		{6B46DCD2-640B-4156-9927-B68CEF039FF2}.Debug|Any CPU.Build.0 = Debug|Any CPU
		{6B46DCD2-640B-4156-9927-B68CEF039FF2}.Debug|x64.ActiveCfg = Debug|Any CPU
		{6B46DCD2-640B-4156-9927-B68CEF039FF2}.Debug|x64.Build.0 = Debug|Any CPU
		{6B46DCD2-640B-4156-9927-B68CEF039FF2}.Debug|x86.ActiveCfg = Debug|Any CPU
		{6B46DCD2-640B-4156-9927-B68CEF039FF2}.Debug|x86.Build.0 = Debug|Any CPU
		{6B46DCD2-640B-4156-9927-B68CEF039FF2}.Release|Any CPU.ActiveCfg = Release|Any CPU
		{6B46DCD2-640B-4156-9927-B68CEF039FF2}.Release|Any CPU.Build.0 = Release|Any CPU
		{6B46DCD2-640B-4156-9927-B68CEF039FF2}.Release|x64.ActiveCfg = Release|Any CPU
		{6B46DCD2-640B-4156-9927-B68CEF039FF2}.Release|x64.Build.0 = Release|Any CPU
		{6B46DCD2-640B-4156-9927-B68CEF039FF2}.Release|x86.ActiveCfg = Release|Any CPU
		{6B46DCD2-640B-4156-9927-B68CEF039FF2}.Release|x86.Build.0 = Release|Any CPU
		{EE94BBF2-BE5F-4029-8E1B-3F7EE41C1387}.Debug|Any CPU.ActiveCfg = Debug|Any CPU
		{EE94BBF2-BE5F-4029-8E1B-3F7EE41C1387}.Debug|Any CPU.Build.0 = Debug|Any CPU
		{EE94BBF2-BE5F-4029-8E1B-3F7EE41C1387}.Debug|x64.ActiveCfg = Debug|Any CPU
		{EE94BBF2-BE5F-4029-8E1B-3F7EE41C1387}.Debug|x64.Build.0 = Debug|Any CPU
		{EE94BBF2-BE5F-4029-8E1B-3F7EE41C1387}.Debug|x86.ActiveCfg = Debug|Any CPU
		{EE94BBF2-BE5F-4029-8E1B-3F7EE41C1387}.Debug|x86.Build.0 = Debug|Any CPU
		{EE94BBF2-BE5F-4029-8E1B-3F7EE41C1387}.Release|Any CPU.ActiveCfg = Release|Any CPU
		{EE94BBF2-BE5F-4029-8E1B-3F7EE41C1387}.Release|Any CPU.Build.0 = Release|Any CPU
		{EE94BBF2-BE5F-4029-8E1B-3F7EE41C1387}.Release|x64.ActiveCfg = Release|Any CPU
		{EE94BBF2-BE5F-4029-8E1B-3F7EE41C1387}.Release|x64.Build.0 = Release|Any CPU
		{EE94BBF2-BE5F-4029-8E1B-3F7EE41C1387}.Release|x86.ActiveCfg = Release|Any CPU
		{EE94BBF2-BE5F-4029-8E1B-3F7EE41C1387}.Release|x86.Build.0 = Release|Any CPU
	EndGlobalSection
EndGlobal
